
Microsoft Visual Studio Solution File, Format Version 12.00
# Visual Studio Version 17
VisualStudioVersion = 17.9.34701.34
MinimumVisualStudioVersion = 10.0.40219.1
Project("{FAE04EC0-301F-11D3-BF4B-00C04F79EFBC}") = "TaskManagmentApi", "TaskManagmentApi.csproj", "{8757EBA0-74F9-447F-9A2F-C5CC7F412A72}"
EndProject
Global
	GlobalSection(SolutionConfigurationPlatforms) = preSolution
		Debug|Any CPU = Debug|Any CPU
		Release|Any CPU = Release|Any CPU
	EndGlobalSection
	GlobalSection(ProjectConfigurationPlatforms) = postSolution
		{8757EBA0-74F9-447F-9A2F-C5CC7F412A72}.Debug|Any CPU.ActiveCfg = Debug|Any CPU
		{8757EBA0-74F9-447F-9A2F-C5CC7F412A72}.Debug|Any CPU.Build.0 = Debug|Any CPU
		{8757EBA0-74F9-447F-9A2F-C5CC7F412A72}.Release|Any CPU.ActiveCfg = Release|Any CPU
		{8757EBA0-74F9-447F-9A2F-C5CC7F412A72}.Release|Any CPU.Build.0 = Release|Any CPU
	EndGlobalSection
	GlobalSection(SolutionProperties) = preSolution
		HideSolutionNode = FALSE
	EndGlobalSection
	GlobalSection(ExtensibilityGlobals) = postSolution
		SolutionGuid = {E2805C0E-3893-49F5-8744-DB1AB40063E3}
	EndGlobalSection
EndGlobal
